
Microsoft Visual Studio Solution File, Format Version 12.00
# Visual Studio Version 16
VisualStudioVersion = 16.0.31729.503
MinimumVisualStudioVersion = 10.0.40219.1
Project("{FAE04EC0-301F-11D3-BF4B-00C04F79EFBC}") = "AdofaiModTemplate", "AdofaiModTemplate\AdofaiModTemplate.csproj", "{EDAFB649-5F60-4073-A7DD-695E1D8AF6BF}"
EndProject
Global
	GlobalSection(SolutionConfigurationPlatforms) = preSolution
		Debug|Any CPU = Debug|Any CPU
		Release|Any CPU = Release|Any CPU
	EndGlobalSection
	GlobalSection(ProjectConfigurationPlatforms) = postSolution
		{EDAFB649-5F60-4073-A7DD-695E1D8AF6BF}.Debug|Any CPU.ActiveCfg = Debug|Any CPU
		{EDAFB649-5F60-4073-A7DD-695E1D8AF6BF}.Debug|Any CPU.Build.0 = Debug|Any CPU
		{EDAFB649-5F60-4073-A7DD-695E1D8AF6BF}.Release|Any CPU.ActiveCfg = Release|Any CPU
		{EDAFB649-5F60-4073-A7DD-695E1D8AF6BF}.Release|Any CPU.Build.0 = Release|Any CPU
	EndGlobalSection
	GlobalSection(SolutionProperties) = preSolution
		HideSolutionNode = FALSE
	EndGlobalSection
	GlobalSection(ExtensibilityGlobals) = postSolution
		SolutionGuid = {784193FA-2B4F-4F09-8E3E-2351E852A228}
	EndGlobalSection
EndGlobal
